
Microsoft Visual Studio Solution File, Format Version 12.00
# Visual Studio Version 16
VisualStudioVersion = 16.0.31129.286
MinimumVisualStudioVersion = 10.0.40219.1
Project("{FAE04EC0-301F-11D3-BF4B-00C04F79EFBC}") = "Trip Extravaganza", "Trip Extravaganza.csproj", "{645D283C-8F0F-4FAB-9B31-DF90E363848C}"
EndProject
Project("{2150E333-8FDC-42A3-9474-1A3956D46DE8}") = "NewFolder1", "NewFolder1", "{9645A137-B2DB-4DBF-877F-72319E899B6D}"
EndProject
Global
	GlobalSection(SolutionConfigurationPlatforms) = preSolution
		Debug|Any CPU = Debug|Any CPU
		Release|Any CPU = Release|Any CPU
	EndGlobalSection
	GlobalSection(ProjectConfigurationPlatforms) = postSolution
		{645D283C-8F0F-4FAB-9B31-DF90E363848C}.Debug|Any CPU.ActiveCfg = Debug|Any CPU
		{645D283C-8F0F-4FAB-9B31-DF90E363848C}.Debug|Any CPU.Build.0 = Debug|Any CPU
		{645D283C-8F0F-4FAB-9B31-DF90E363848C}.Release|Any CPU.ActiveCfg = Release|Any CPU
		{645D283C-8F0F-4FAB-9B31-DF90E363848C}.Release|Any CPU.Build.0 = Release|Any CPU
	EndGlobalSection
	GlobalSection(SolutionProperties) = preSolution
		HideSolutionNode = FALSE
	EndGlobalSection
	GlobalSection(ExtensibilityGlobals) = postSolution
		SolutionGuid = {78ABF546-D862-4567-9366-C6445D06061A}
	EndGlobalSection
EndGlobal
